// !$*UTF8*$!
{
	archiveVersion = 1;
	classes = {
	};
	objectVersion = 46;
	objects = {

/* Begin PBXBuildFile section */
		3BA648B54BDF5F4349269304 /* Pods_rainyshinycloudy.framework in Frameworks */ = {isa = PBXBuildFile; fileRef = 5F2C61C0DA7C906EE5319826 /* Pods_rainyshinycloudy.framework */; };
		F103E5E11E2407BD004C433B /* Forecast.swift in Sources */ = {isa = PBXBuildFile; fileRef = F103E5E01E2407BD004C433B /* Forecast.swift */; };
		F103E5E31E24254E004C433B /* WeatherCell.swift in Sources */ = {isa = PBXBuildFile; fileRef = F103E5E21E24254E004C433B /* WeatherCell.swift */; };
		F103E5E51E242E32004C433B /* Location.swift in Sources */ = {isa = PBXBuildFile; fileRef = F103E5E41E242E32004C433B /* Location.swift */; };
		F1B673881E2152D40063C1C7 /* AppDelegate.swift in Sources */ = {isa = PBXBuildFile; fileRef = F1B673871E2152D40063C1C7 /* AppDelegate.swift */; };
		F1B6738A1E2152D40063C1C7 /* WeatherVC.swift in Sources */ = {isa = PBXBuildFile; fileRef = F1B673891E2152D40063C1C7 /* WeatherVC.swift */; };
		F1B6738D1E2152D40063C1C7 /* Main.storyboard in Resources */ = {isa = PBXBuildFile; fileRef = F1B6738B1E2152D40063C1C7 /* Main.storyboard */; };
		F1B6738F1E2152D40063C1C7 /* Assets.xcassets in Resources */ = {isa = PBXBuildFile; fileRef = F1B6738E1E2152D40063C1C7 /* Assets.xcassets */; };
		F1B673921E2152D40063C1C7 /* LaunchScreen.storyboard in Resources */ = {isa = PBXBuildFile; fileRef = F1B673901E2152D40063C1C7 /* LaunchScreen.storyboard */; };
		F1B6739D1E2152D50063C1C7 /* rainyshinycloudyTests.swift in Sources */ = {isa = PBXBuildFile; fileRef = F1B6739C1E2152D50063C1C7 /* rainyshinycloudyTests.swift */; };
		F1B673A81E2152D50063C1C7 /* rainyshinycloudyUITests.swift in Sources */ = {isa = PBXBuildFile; fileRef = F1B673A71E2152D50063C1C7 /* rainyshinycloudyUITests.swift */; };
		F1B673B61E21864D0063C1C7 /* Constants.swift in Sources */ = {isa = PBXBuildFile; fileRef = F1B673B51E21864D0063C1C7 /* Constants.swift */; };
		F1B673B81E2189990063C1C7 /* CurrentWeather.swift in Sources */ = {isa = PBXBuildFile; fileRef = F1B673B71E2189990063C1C7 /* CurrentWeather.swift */; };
/* End PBXBuildFile section */

/* Begin PBXContainerItemProxy section */
		F1B673991E2152D40063C1C7 /* PBXContainerItemProxy */ = {
			isa = PBXContainerItemProxy;
			containerPortal = F1B6737C1E2152D40063C1C7 /* Project object */;
			proxyType = 1;
			remoteGlobalIDString = F1B673831E2152D40063C1C7;
			remoteInfo = rainyshinycloudy;
		};
		F1B673A41E2152D50063C1C7 /* PBXContainerItemProxy */ = {
			isa = PBXContainerItemProxy;
			containerPortal = F1B6737C1E2152D40063C1C7 /* Project object */;
			proxyType = 1;
			remoteGlobalIDString = F1B673831E2152D40063C1C7;
			remoteInfo = rainyshinycloudy;
		};
/* End PBXContainerItemProxy section */

/* Begin PBXFileReference section */
		0AB446BDBF5263484F20AFD1 /* Pods-rainyshinycloudy.debug.xcconfig */ = {isa = PBXFileReference; includeInIndex = 1; lastKnownFileType = text.xcconfig; name = "Pods-rainyshinycloudy.debug.xcconfig"; path = "Pods/Target Support Files/Pods-rainyshinycloudy/Pods-rainyshinycloudy.debug.xcconfig"; sourceTree = "<group>"; };
		5F2C61C0DA7C906EE5319826 /* Pods_rainyshinycloudy.framework */ = {isa = PBXFileReference; explicitFileType = wrapper.framework; includeInIndex = 0; path = Pods_rainyshinycloudy.framework; sourceTree = BUILT_PRODUCTS_DIR; };
		F103E5E01E2407BD004C433B /* Forecast.swift */ = {isa = PBXFileReference; fileEncoding = 4; lastKnownFileType = sourcecode.swift; path = Forecast.swift; sourceTree = "<group>"; };
		F103E5E21E24254E004C433B /* WeatherCell.swift */ = {isa = PBXFileReference; fileEncoding = 4; lastKnownFileType = sourcecode.swift; path = WeatherCell.swift; sourceTree = "<group>"; };
		F103E5E41E242E32004C433B /* Location.swift */ = {isa = PBXFileReference; fileEncoding = 4; lastKnownFileType = sourcecode.swift; path = Location.swift; sourceTree = "<group>"; };
		F1B673841E2152D40063C1C7 /* rainyshinycloudy.app */ = {isa = PBXFileReference; explicitFileType = wrapper.application; includeInIndex = 0; path = rainyshinycloudy.app; sourceTree = BUILT_PRODUCTS_DIR; };
		F1B673871E2152D40063C1C7 /* AppDelegate.swift */ = {isa = PBXFileReference; lastKnownFileType = sourcecode.swift; path = AppDelegate.swift; sourceTree = "<group>"; };
		F1B673891E2152D40063C1C7 /* WeatherVC.swift */ = {isa = PBXFileReference; lastKnownFileType = sourcecode.swift; path = WeatherVC.swift; sourceTree = "<group>"; };
		F1B6738C1E2152D40063C1C7 /* Base */ = {isa = PBXFileReference; lastKnownFileType = file.storyboard; name = Base; path = Base.lproj/Main.storyboard; sourceTree = "<group>"; };
		F1B6738E1E2152D40063C1C7 /* Assets.xcassets */ = {isa = PBXFileReference; lastKnownFileType = folder.assetcatalog; path = Assets.xcassets; sourceTree = "<group>"; };
		F1B673911E2152D40063C1C7 /* Base */ = {isa = PBXFileReference; lastKnownFileType = file.storyboard; name = Base; path = Base.lproj/LaunchScreen.storyboard; sourceTree = "<group>"; };
		F1B673931E2152D40063C1C7 /* Info.plist */ = {isa = PBXFileReference; lastKnownFileType = text.plist.xml; path = Info.plist; sourceTree = "<group>"; };
		F1B673981E2152D40063C1C7 /* rainyshinycloudyTests.xctest */ = {isa = PBXFileReference; explicitFileType = wrapper.cfbundle; includeInIndex = 0; path = rainyshinycloudyTests.xctest; sourceTree = BUILT_PRODUCTS_DIR; };
		F1B6739C1E2152D50063C1C7 /* rainyshinycloudyTests.swift */ = {isa = PBXFileReference; lastKnownFileType = sourcecode.swift; path = rainyshinycloudyTests.swift; sourceTree = "<group>"; };
		F1B6739E1E2152D50063C1C7 /* Info.plist */ = {isa = PBXFileReference; lastKnownFileType = text.plist.xml; path = Info.plist; sourceTree = "<group>"; };
		F1B673A31E2152D50063C1C7 /* rainyshinycloudyUITests.xctest */ = {isa = PBXFileReference; explicitFileType = wrapper.cfbundle; includeInIndex = 0; path = rainyshinycloudyUITests.xctest; sourceTree = BUILT_PRODUCTS_DIR; };
		F1B673A71E2152D50063C1C7 /* rainyshinycloudyUITests.swift */ = {isa = PBXFileReference; lastKnownFileType = sourcecode.swift; path = rainyshinycloudyUITests.swift; sourceTree = "<group>"; };
		F1B673A91E2152D50063C1C7 /* Info.plist */ = {isa = PBXFileReference; lastKnownFileType = text.plist.xml; path = Info.plist; sourceTree = "<group>"; };
		F1B673B51E21864D0063C1C7 /* Constants.swift */ = {isa = PBXFileReference; fileEncoding = 4; lastKnownFileType = sourcecode.swift; path = Constants.swift; sourceTree = "<group>"; };
		F1B673B71E2189990063C1C7 /* CurrentWeather.swift */ = {isa = PBXFileReference; fileEncoding = 4; lastKnownFileType = sourcecode.swift; path = CurrentWeather.swift; sourceTree = "<group>"; };
		F4DD50B973168C68E9287E1F /* Pods-rainyshinycloudy.release.xcconfig */ = {isa = PBXFileReference; includeInIndex = 1; lastKnownFileType = text.xcconfig; name = "Pods-rainyshinycloudy.release.xcconfig"; path = "Pods/Target Support Files/Pods-rainyshinycloudy/Pods-rainyshinycloudy.release.xcconfig"; sourceTree = "<group>"; };
/* End PBXFileReference section */

/* Begin PBXFrameworksBuildPhase section */
		F1B673811E2152D40063C1C7 /* Frameworks */ = {
			isa = PBXFrameworksBuildPhase;
			buildActionMask = 2147483647;
			files = (
				3BA648B54BDF5F4349269304 /* Pods_rainyshinycloudy.framework in Frameworks */,
			);
			runOnlyForDeploymentPostprocessing = 0;
		};
		F1B673951E2152D40063C1C7 /* Frameworks */ = {
			isa = PBXFrameworksBuildPhase;
			buildActionMask = 2147483647;
			files = (
			);
			runOnlyForDeploymentPostprocessing = 0;
		};
		F1B673A01E2152D50063C1C7 /* Frameworks */ = {
			isa = PBXFrameworksBuildPhase;
			buildActionMask = 2147483647;
			files = (
			);
			runOnlyForDeploymentPostprocessing = 0;
		};
/* End PBXFrameworksBuildPhase section */

/* Begin PBXGroup section */
		8A966482FB99E83332116F8C /* Frameworks */ = {
			isa = PBXGroup;
			children = (
				5F2C61C0DA7C906EE5319826 /* Pods_rainyshinycloudy.framework */,
			);
			name = Frameworks;
			sourceTree = "<group>";
		};
		BD3687334CA012D1C166F3BD /* Pods */ = {
			isa = PBXGroup;
			children = (
				0AB446BDBF5263484F20AFD1 /* Pods-rainyshinycloudy.debug.xcconfig */,
				F4DD50B973168C68E9287E1F /* Pods-rainyshinycloudy.release.xcconfig */,
			);
			name = Pods;
			sourceTree = "<group>";
		};
		F1B6737B1E2152D40063C1C7 = {
			isa = PBXGroup;
			children = (
				F1B673861E2152D40063C1C7 /* rainyshinycloudy */,
				F1B6739B1E2152D50063C1C7 /* rainyshinycloudyTests */,
				F1B673A61E2152D50063C1C7 /* rainyshinycloudyUITests */,
				F1B673851E2152D40063C1C7 /* Products */,
				BD3687334CA012D1C166F3BD /* Pods */,
				8A966482FB99E83332116F8C /* Frameworks */,
			);
			sourceTree = "<group>";
		};
		F1B673851E2152D40063C1C7 /* Products */ = {
			isa = PBXGroup;
			children = (
				F1B673841E2152D40063C1C7 /* rainyshinycloudy.app */,
				F1B673981E2152D40063C1C7 /* rainyshinycloudyTests.xctest */,
				F1B673A31E2152D50063C1C7 /* rainyshinycloudyUITests.xctest */,
			);
			name = Products;
			sourceTree = "<group>";
		};
		F1B673861E2152D40063C1C7 /* rainyshinycloudy */ = {
			isa = PBXGroup;
			children = (
				F1B673871E2152D40063C1C7 /* AppDelegate.swift */,
				F1B673891E2152D40063C1C7 /* WeatherVC.swift */,
				F1B6738B1E2152D40063C1C7 /* Main.storyboard */,
				F1B6738E1E2152D40063C1C7 /* Assets.xcassets */,
				F1B673901E2152D40063C1C7 /* LaunchScreen.storyboard */,
				F1B673931E2152D40063C1C7 /* Info.plist */,
				F1B673B51E21864D0063C1C7 /* Constants.swift */,
				F1B673B71E2189990063C1C7 /* CurrentWeather.swift */,
				F103E5E01E2407BD004C433B /* Forecast.swift */,
				F103E5E21E24254E004C433B /* WeatherCell.swift */,
				F103E5E41E242E32004C433B /* Location.swift */,
			);
			path = rainyshinycloudy;
			sourceTree = "<group>";
		};
		F1B6739B1E2152D50063C1C7 /* rainyshinycloudyTests */ = {
			isa = PBXGroup;
			children = (
				F1B6739C1E2152D50063C1C7 /* rainyshinycloudyTests.swift */,
				F1B6739E1E2152D50063C1C7 /* Info.plist */,
			);
			path = rainyshinycloudyTests;
			sourceTree = "<group>";
		};
		F1B673A61E2152D50063C1C7 /* rainyshinycloudyUITests */ = {
			isa = PBXGroup;
			children = (
				F1B673A71E2152D50063C1C7 /* rainyshinycloudyUITests.swift */,
				F1B673A91E2152D50063C1C7 /* Info.plist */,
			);
			path = rainyshinycloudyUITests;
			sourceTree = "<group>";
		};
/* End PBXGroup section */

/* Begin PBXNativeTarget section */
		F1B673831E2152D40063C1C7 /* rainyshinycloudy */ = {
			isa = PBXNativeTarget;
			buildConfigurationList = F1B673AC1E2152D50063C1C7 /* Build configuration list for PBXNativeTarget "rainyshinycloudy" */;
			buildPhases = (
				55F697FAB2F284BC49EB1D99 /* [CP] Check Pods Manifest.lock */,
				F1B673801E2152D40063C1C7 /* Sources */,
				F1B673811E2152D40063C1C7 /* Frameworks */,
				F1B673821E2152D40063C1C7 /* Resources */,
				0C9DA2A32929CBC4969C8D11 /* [CP] Embed Pods Frameworks */,
				F102FCA973B7FEFAA708C126 /* [CP] Copy Pods Resources */,
			);
			buildRules = (
			);
			dependencies = (
			);
			name = rainyshinycloudy;
			productName = rainyshinycloudy;
			productReference = F1B673841E2152D40063C1C7 /* rainyshinycloudy.app */;
			productType = "com.apple.product-type.application";
		};
		F1B673971E2152D40063C1C7 /* rainyshinycloudyTests */ = {
			isa = PBXNativeTarget;
			buildConfigurationList = F1B673AF1E2152D50063C1C7 /* Build configuration list for PBXNativeTarget "rainyshinycloudyTests" */;
			buildPhases = (
				F1B673941E2152D40063C1C7 /* Sources */,
				F1B673951E2152D40063C1C7 /* Frameworks */,
				F1B673961E2152D40063C1C7 /* Resources */,
			);
			buildRules = (
			);
			dependencies = (
				F1B6739A1E2152D40063C1C7 /* PBXTargetDependency */,
			);
			name = rainyshinycloudyTests;
			productName = rainyshinycloudyTests;
			productReference = F1B673981E2152D40063C1C7 /* rainyshinycloudyTests.xctest */;
			productType = "com.apple.product-type.bundle.unit-test";
		};
		F1B673A21E2152D50063C1C7 /* rainyshinycloudyUITests */ = {
			isa = PBXNativeTarget;
			buildConfigurationList = F1B673B21E2152D50063C1C7 /* Build configuration list for PBXNativeTarget "rainyshinycloudyUITests" */;
			buildPhases = (
				F1B6739F1E2152D50063C1C7 /* Sources */,
				F1B673A01E2152D50063C1C7 /* Frameworks */,
				F1B673A11E2152D50063C1C7 /* Resources */,
			);
			buildRules = (
			);
			dependencies = (
				F1B673A51E2152D50063C1C7 /* PBXTargetDependency */,
			);
			name = rainyshinycloudyUITests;
			productName = rainyshinycloudyUITests;
			productReference = F1B673A31E2152D50063C1C7 /* rainyshinycloudyUITests.xctest */;
			productType = "com.apple.product-type.bundle.ui-testing";
		};
/* End PBXNativeTarget section */

/* Begin PBXProject section */
		F1B6737C1E2152D40063C1C7 /* Project object */ = {
			isa = PBXProject;
			attributes = {
				LastSwiftUpdateCheck = 0820;
				LastUpgradeCheck = 0820;
				ORGANIZATIONNAME = "Juha Kesti";
				TargetAttributes = {
					F1B673831E2152D40063C1C7 = {
						CreatedOnToolsVersion = 8.2.1;
						DevelopmentTeam = AAV5X67MU5;
						ProvisioningStyle = Automatic;
					};
					F1B673971E2152D40063C1C7 = {
						CreatedOnToolsVersion = 8.2.1;
						DevelopmentTeam = AAV5X67MU5;
						ProvisioningStyle = Automatic;
						TestTargetID = F1B673831E2152D40063C1C7;
					};
					F1B673A21E2152D50063C1C7 = {
						CreatedOnToolsVersion = 8.2.1;
						DevelopmentTeam = AAV5X67MU5;
						ProvisioningStyle = Automatic;
						TestTargetID = F1B673831E2152D40063C1C7;
					};
				};
			};
			buildConfigurationList = F1B6737F1E2152D40063C1C7 /* Build configuration list for PBXProject "rainyshinycloudy" */;
			compatibilityVersion = "Xcode 3.2";
			developmentRegion = English;
			hasScannedForEncodings = 0;
			knownRegions = (
				en,
				Base,
			);
			mainGroup = F1B6737B1E2152D40063C1C7;
			productRefGroup = F1B673851E2152D40063C1C7 /* Products */;
			projectDirPath = "";
			projectRoot = "";
			targets = (
				F1B673831E2152D40063C1C7 /* rainyshinycloudy */,
				F1B673971E2152D40063C1C7 /* rainyshinycloudyTests */,
				F1B673A21E2152D50063C1C7 /* rainyshinycloudyUITests */,
			);
		};
/* End PBXProject section */

/* Begin PBXResourcesBuildPhase section */
		F1B673821E2152D40063C1C7 /* Resources */ = {
			isa = PBXResourcesBuildPhase;
			buildActionMask = 2147483647;
			files = (
				F1B673921E2152D40063C1C7 /* LaunchScreen.storyboard in Resources */,
				F1B6738F1E2152D40063C1C7 /* Assets.xcassets in Resources */,
				F1B6738D1E2152D40063C1C7 /* Main.storyboard in Resources */,
			);
			runOnlyForDeploymentPostprocessing = 0;
		};
		F1B673961E2152D40063C1C7 /* Resources */ = {
			isa = PBXResourcesBuildPhase;
			buildActionMask = 2147483647;
			files = (
			);
			runOnlyForDeploymentPostprocessing = 0;
		};
		F1B673A11E2152D50063C1C7 /* Resources */ = {
			isa = PBXResourcesBuildPhase;
			buildActionMask = 2147483647;
			files = (
			);
			runOnlyForDeploymentPostprocessing = 0;
		};
/* End PBXResourcesBuildPhase section */

/* Begin PBXShellScriptBuildPhase section */
		0C9DA2A32929CBC4969C8D11 /* [CP] Embed Pods Frameworks */ = {
			isa = PBXShellScriptBuildPhase;
			buildActionMask = 2147483647;
			files = (
			);
			inputPaths = (
			);
			name = "[CP] Embed Pods Frameworks";
			outputPaths = (
			);
			runOnlyForDeploymentPostprocessing = 0;
			shellPath = /bin/sh;
			shellScript = "\"${SRCROOT}/Pods/Target Support Files/Pods-rainyshinycloudy/Pods-rainyshinycloudy-frameworks.sh\"\n";
			showEnvVarsInLog = 0;
		};
		55F697FAB2F284BC49EB1D99 /* [CP] Check Pods Manifest.lock */ = {
			isa = PBXShellScriptBuildPhase;
			buildActionMask = 2147483647;
			files = (
			);
			inputPaths = (
			);
			name = "[CP] Check Pods Manifest.lock";
			outputPaths = (
			);
			runOnlyForDeploymentPostprocessing = 0;
			shellPath = /bin/sh;
			shellScript = "diff \"${PODS_ROOT}/../Podfile.lock\" \"${PODS_ROOT}/Manifest.lock\" > /dev/null\nif [ $? != 0 ] ; then\n    # print error to STDERR\n    echo \"error: The sandbox is not in sync with the Podfile.lock. Run 'pod install' or update your CocoaPods installation.\" >&2\n    exit 1\nfi\n";
			showEnvVarsInLog = 0;
		};
		F102FCA973B7FEFAA708C126 /* [CP] Copy Pods Resources */ = {
			isa = PBXShellScriptBuildPhase;
			buildActionMask = 2147483647;
			files = (
			);
			inputPaths = (
			);
			name = "[CP] Copy Pods Resources";
			outputPaths = (
			);
			runOnlyForDeploymentPostprocessing = 0;
			shellPath = /bin/sh;
			shellScript = "\"${SRCROOT}/Pods/Target Support Files/Pods-rainyshinycloudy/Pods-rainyshinycloudy-resources.sh\"\n";
			showEnvVarsInLog = 0;
		};
/* End PBXShellScriptBuildPhase section */

/* Begin PBXSourcesBuildPhase section */
		F1B673801E2152D40063C1C7 /* Sources */ = {
			isa = PBXSourcesBuildPhase;
			buildActionMask = 2147483647;
			files = (
				F1B6738A1E2152D40063C1C7 /* WeatherVC.swift in Sources */,
				F1B673881E2152D40063C1C7 /* AppDelegate.swift in Sources */,
				F103E5E31E24254E004C433B /* WeatherCell.swift in Sources */,
				F1B673B81E2189990063C1C7 /* CurrentWeather.swift in Sources */,
				F1B673B61E21864D0063C1C7 /* Constants.swift in Sources */,
				F103E5E11E2407BD004C433B /* Forecast.swift in Sources */,
				F103E5E51E242E32004C433B /* Location.swift in Sources */,
			);
			runOnlyForDeploymentPostprocessing = 0;
		};
		F1B673941E2152D40063C1C7 /* Sources */ = {
			isa = PBXSourcesBuildPhase;
			buildActionMask = 2147483647;
			files = (
				F1B6739D1E2152D50063C1C7 /* rainyshinycloudyTests.swift in Sources */,
			);
			runOnlyForDeploymentPostprocessing = 0;
		};
		F1B6739F1E2152D50063C1C7 /* Sources */ = {
			isa = PBXSourcesBuildPhase;
			buildActionMask = 2147483647;
			files = (
				F1B673A81E2152D50063C1C7 /* rainyshinycloudyUITests.swift in Sources */,
			);
			runOnlyForDeploymentPostprocessing = 0;
		};
/* End PBXSourcesBuildPhase section */

/* Begin PBXTargetDependency section */
		F1B6739A1E2152D40063C1C7 /* PBXTargetDependency */ = {
			isa = PBXTargetDependency;
			target = F1B673831E2152D40063C1C7 /* rainyshinycloudy */;
			targetProxy = F1B673991E2152D40063C1C7 /* PBXContainerItemProxy */;
		};
		F1B673A51E2152D50063C1C7 /* PBXTargetDependency */ = {
			isa = PBXTargetDependency;
			target = F1B673831E2152D40063C1C7 /* rainyshinycloudy */;
			targetProxy = F1B673A41E2152D50063C1C7 /* PBXContainerItemProxy */;
		};
/* End PBXTargetDependency section */

/* Begin PBXVariantGroup section */
		F1B6738B1E2152D40063C1C7 /* Main.storyboard */ = {
			isa = PBXVariantGroup;
			children = (
				F1B6738C1E2152D40063C1C7 /* Base */,
			);
			name = Main.storyboard;
			sourceTree = "<group>";
		};
		F1B673901E2152D40063C1C7 /* LaunchScreen.storyboard */ = {
			isa = PBXVariantGroup;
			children = (
				F1B673911E2152D40063C1C7 /* Base */,
			);
			name = LaunchScreen.storyboard;
			sourceTree = "<group>";
		};
/* End PBXVariantGroup section */

/* Begin XCBuildConfiguration section */
		F1B673AA1E2152D50063C1C7 /* Debug */ = {
			isa = XCBuildConfiguration;
			buildSettings = {
				ALWAYS_SEARCH_USER_PATHS = NO;
				CLANG_ANALYZER_NONNULL = YES;
				CLANG_CXX_LANGUAGE_STANDARD = "gnu++0x";
				CLANG_CXX_LIBRARY = "libc++";
				CLANG_ENABLE_MODULES = YES;
				CLANG_ENABLE_OBJC_ARC = YES;
				CLANG_WARN_BOOL_CONVERSION = YES;
				CLANG_WARN_CONSTANT_CONVERSION = YES;
				CLANG_WARN_DIRECT_OBJC_ISA_USAGE = YES_ERROR;
				CLANG_WARN_DOCUMENTATION_COMMENTS = YES;
				CLANG_WARN_EMPTY_BODY = YES;
				CLANG_WARN_ENUM_CONVERSION = YES;
				CLANG_WARN_INFINITE_RECURSION = YES;
				CLANG_WARN_INT_CONVERSION = YES;
				CLANG_WARN_OBJC_ROOT_CLASS = YES_ERROR;
				CLANG_WARN_SUSPICIOUS_MOVE = YES;
				CLANG_WARN_UNREACHABLE_CODE = YES;
				CLANG_WARN__DUPLICATE_METHOD_MATCH = YES;
				"CODE_SIGN_IDENTITY[sdk=iphoneos*]" = "iPhone Developer";
				COPY_PHASE_STRIP = NO;
				DEBUG_INFORMATION_FORMAT = dwarf;
				ENABLE_STRICT_OBJC_MSGSEND = YES;
				ENABLE_TESTABILITY = YES;
				GCC_C_LANGUAGE_STANDARD = gnu99;
				GCC_DYNAMIC_NO_PIC = NO;
				GCC_NO_COMMON_BLOCKS = YES;
				GCC_OPTIMIZATION_LEVEL = 0;
				GCC_PREPROCESSOR_DEFINITIONS = (
					"DEBUG=1",
					"$(inherited)",
				);
				GCC_WARN_64_TO_32_BIT_CONVERSION = YES;
				GCC_WARN_ABOUT_RETURN_TYPE = YES_ERROR;
				GCC_WARN_UNDECLARED_SELECTOR = YES;
				GCC_WARN_UNINITIALIZED_AUTOS = YES_AGGRESSIVE;
				GCC_WARN_UNUSED_FUNCTION = YES;
				GCC_WARN_UNUSED_VARIABLE = YES;
				IPHONEOS_DEPLOYMENT_TARGET = 10.2;
				MTL_ENABLE_DEBUG_INFO = YES;
				ONLY_ACTIVE_ARCH = YES;
				SDKROOT = iphoneos;
				SWIFT_ACTIVE_COMPILATION_CONDITIONS = DEBUG;
				SWIFT_OPTIMIZATION_LEVEL = "-Onone";
				TARGETED_DEVICE_FAMILY = "1,2";
			};
			name = Debug;
		};
		F1B673AB1E2152D50063C1C7 /* Release */ = {
			isa = XCBuildConfiguration;
			buildSettings = {
				ALWAYS_SEARCH_USER_PATHS = NO;
				CLANG_ANALYZER_NONNULL = YES;
				CLANG_CXX_LANGUAGE_STANDARD = "gnu++0x";
				CLANG_CXX_LIBRARY = "libc++";
				CLANG_ENABLE_MODULES = YES;
				CLANG_ENABLE_OBJC_ARC = YES;
				CLANG_WARN_BOOL_CONVERSION = YES;
				CLANG_WARN_CONSTANT_CONVERSION = YES;
				CLANG_WARN_DIRECT_OBJC_ISA_USAGE = YES_ERROR;
				CLANG_WARN_DOCUMENTATION_COMMENTS = YES;
				CLANG_WARN_EMPTY_BODY = YES;
				CLANG_WARN_ENUM_CONVERSION = YES;
				CLANG_WARN_INFINITE_RECURSION = YES;
				CLANG_WARN_INT_CONVERSION = YES;
				CLANG_WARN_OBJC_ROOT_CLASS = YES_ERROR;
				CLANG_WARN_SUSPICIOUS_MOVE = YES;
				CLANG_WARN_UNREACHABLE_CODE = YES;
				CLANG_WARN__DUPLICATE_METHOD_MATCH = YES;
				"CODE_SIGN_IDENTITY[sdk=iphoneos*]" = "iPhone Developer";
				COPY_PHASE_STRIP = NO;
				DEBUG_INFORMATION_FORMAT = "dwarf-with-dsym";
				ENABLE_NS_ASSERTIONS = NO;
				ENABLE_STRICT_OBJC_MSGSEND = YES;
				GCC_C_LANGUAGE_STANDARD = gnu99;
				GCC_NO_COMMON_BLOCKS = YES;
				GCC_WARN_64_TO_32_BIT_CONVERSION = YES;
				GCC_WARN_ABOUT_RETURN_TYPE = YES_ERROR;
				GCC_WARN_UNDECLARED_SELECTOR = YES;
				GCC_WARN_UNINITIALIZED_AUTOS = YES_AGGRESSIVE;
				GCC_WARN_UNUSED_FUNCTION = YES;
				GCC_WARN_UNUSED_VARIABLE = YES;
				IPHONEOS_DEPLOYMENT_TARGET = 10.2;
				MTL_ENABLE_DEBUG_INFO = NO;
				SDKROOT = iphoneos;
				SWIFT_OPTIMIZATION_LEVEL = "-Owholemodule";
				TARGETED_DEVICE_FAMILY = "1,2";
				VALIDATE_PRODUCT = YES;
			};
			name = Release;
		};
		F1B673AD1E2152D50063C1C7 /* Debug */ = {
			isa = XCBuildConfiguration;
			baseConfigurationReference = 0AB446BDBF5263484F20AFD1 /* Pods-rainyshinycloudy.debug.xcconfig */;
			buildSettings = {
				ASSETCATALOG_COMPILER_APPICON_NAME = AppIcon;
				DEVELOPMENT_TEAM = AAV5X67MU5;
				INFOPLIST_FILE = rainyshinycloudy/Info.plist;
				LD_RUNPATH_SEARCH_PATHS = "$(inherited) @executable_path/Frameworks";
				PRODUCT_BUNDLE_IDENTIFIER = com.nauski.rainyshinycloudy;
				PRODUCT_NAME = "$(TARGET_NAME)";
				SWIFT_VERSION = 3.0;
				TARGETED_DEVICE_FAMILY = 1;
			};
			name = Debug;
		};
		F1B673AE1E2152D50063C1C7 /* Release */ = {
			isa = XCBuildConfiguration;
			baseConfigurationReference = F4DD50B973168C68E9287E1F /* Pods-rainyshinycloudy.release.xcconfig */;
			buildSettings = {
				ASSETCATALOG_COMPILER_APPICON_NAME = AppIcon;
				DEVELOPMENT_TEAM = AAV5X67MU5;
				INFOPLIST_FILE = rainyshinycloudy/Info.plist;
				LD_RUNPATH_SEARCH_PATHS = "$(inherited) @executable_path/Frameworks";
				PRODUCT_BUNDLE_IDENTIFIER = com.nauski.rainyshinycloudy;
				PRODUCT_NAME = "$(TARGET_NAME)";
				SWIFT_VERSION = 3.0;
				TARGETED_DEVICE_FAMILY = 1;
			};
			name = Release;
		};
		F1B673B01E2152D50063C1C7 /* Debug */ = {
			isa = XCBuildConfiguration;
			buildSettings = {
				ALWAYS_EMBED_SWIFT_STANDARD_LIBRARIES = YES;
				BUNDLE_LOADER = "$(TEST_HOST)";
				DEVELOPMENT_TEAM = AAV5X67MU5;
				INFOPLIST_FILE = rainyshinycloudyTests/Info.plist;
				LD_RUNPATH_SEARCH_PATHS = "$(inherited) @executable_path/Frameworks @loader_path/Frameworks";
				PRODUCT_BUNDLE_IDENTIFIER = com.nauski.rainyshinycloudyTests;
				PRODUCT_NAME = "$(TARGET_NAME)";
				SWIFT_VERSION = 3.0;
				TEST_HOST = "$(BUILT_PRODUCTS_DIR)/rainyshinycloudy.app/rainyshinycloudy";
			};
			name = Debug;
		};
		F1B673B11E2152D50063C1C7 /* Release */ = {
			isa = XCBuildConfiguration;
			buildSettings = {
				ALWAYS_EMBED_SWIFT_STANDARD_LIBRARIES = YES;
				BUNDLE_LOADER = "$(TEST_HOST)";
				DEVELOPMENT_TEAM = AAV5X67MU5;
				INFOPLIST_FILE = rainyshinycloudyTests/Info.plist;
				LD_RUNPATH_SEARCH_PATHS = "$(inherited) @executable_path/Frameworks @loader_path/Frameworks";
				PRODUCT_BUNDLE_IDENTIFIER = com.nauski.rainyshinycloudyTests;
				PRODUCT_NAME = "$(TARGET_NAME)";
				SWIFT_VERSION = 3.0;
				TEST_HOST = "$(BUILT_PRODUCTS_DIR)/rainyshinycloudy.app/rainyshinycloudy";
			};
			name = Release;
		};
		F1B673B31E2152D50063C1C7 /* Debug */ = {
			isa = XCBuildConfiguration;
			buildSettings = {
				ALWAYS_EMBED_SWIFT_STANDARD_LIBRARIES = YES;
				DEVELOPMENT_TEAM = AAV5X67MU5;
				INFOPLIST_FILE = rainyshinycloudyUITests/Info.plist;
				LD_RUNPATH_SEARCH_PATHS = "$(inherited) @executable_path/Frameworks @loader_path/Frameworks";
				PRODUCT_BUNDLE_IDENTIFIER = com.nauski.rainyshinycloudyUITests;
				PRODUCT_NAME = "$(TARGET_NAME)";
				SWIFT_VERSION = 3.0;
				TEST_TARGET_NAME = rainyshinycloudy;
			};
			name = Debug;
		};
		F1B673B41E2152D50063C1C7 /* Release */ = {
			isa = XCBuildConfiguration;
			buildSettings = {
				ALWAYS_EMBED_SWIFT_STANDARD_LIBRARIES = YES;
				DEVELOPMENT_TEAM = AAV5X67MU5;
				INFOPLIST_FILE = rainyshinycloudyUITests/Info.plist;
				LD_RUNPATH_SEARCH_PATHS = "$(inherited) @executable_path/Frameworks @loader_path/Frameworks";
				PRODUCT_BUNDLE_IDENTIFIER = com.nauski.rainyshinycloudyUITests;
				PRODUCT_NAME = "$(TARGET_NAME)";
				SWIFT_VERSION = 3.0;
				TEST_TARGET_NAME = rainyshinycloudy;
			};
			name = Release;
		};
/* End XCBuildConfiguration section */

/* Begin XCConfigurationList section */
		F1B6737F1E2152D40063C1C7 /* Build configuration list for PBXProject "rainyshinycloudy" */ = {
			isa = XCConfigurationList;
			buildConfigurations = (
				F1B673AA1E2152D50063C1C7 /* Debug */,
				F1B673AB1E2152D50063C1C7 /* Release */,
			);
			defaultConfigurationIsVisible = 0;
			defaultConfigurationName = Release;
		};
		F1B673AC1E2152D50063C1C7 /* Build configuration list for PBXNativeTarget "rainyshinycloudy" */ = {
			isa = XCConfigurationList;
			buildConfigurations = (
				F1B673AD1E2152D50063C1C7 /* Debug */,
				F1B673AE1E2152D50063C1C7 /* Release */,
			);
			defaultConfigurationIsVisible = 0;
			defaultConfigurationName = Release;
		};
		F1B673AF1E2152D50063C1C7 /* Build configuration list for PBXNativeTarget "rainyshinycloudyTests" */ = {
			isa = XCConfigurationList;
			buildConfigurations = (
				F1B673B01E2152D50063C1C7 /* Debug */,
				F1B673B11E2152D50063C1C7 /* Release */,
			);
			defaultConfigurationIsVisible = 0;
			defaultConfigurationName = Release;
		};
		F1B673B21E2152D50063C1C7 /* Build configuration list for PBXNativeTarget "rainyshinycloudyUITests" */ = {
			isa = XCConfigurationList;
			buildConfigurations = (
				F1B673B31E2152D50063C1C7 /* Debug */,
				F1B673B41E2152D50063C1C7 /* Release */,
			);
			defaultConfigurationIsVisible = 0;
			defaultConfigurationName = Release;
		};
/* End XCConfigurationList section */
	};
	rootObject = F1B6737C1E2152D40063C1C7 /* Project object */;
}
